github.com/chiyoi/apricot/logs v0.6.0 h1:5rqehU1lvgzDlvCHIF9MBrSjn/5pIwnFlpdbefXAgNE=
github.com/chiyoi/apricot/logs v0.6.0/go.mod h1:3WGyZnXDw1EFi1hBdUxVRlO3lNReHutK9iB8EIDMEOU=
github.com/chiyoi/apricot/sakana v0.8.2 h1:2ak7+fyWZjZKx3q3MoUI+uyNBwOUWM1GGleQquwcwyw=
github.com/chiyoi/apricot/sakana v0.8.2/go.mod h1:amc0xm01nN1vZgnQ35DaWAkDOdX11YeS0kfUbx0rGSk=
